
Microsoft Visual Studio Solution File, Format Version 12.00
# Visual Studio Version 16
VisualStudioVersion = 16.0.29709.97
MinimumVisualStudioVersion = 10.0.40219.1
Project("{FAE04EC0-301F-11D3-BF4B-00C04F79EFBC}") = "TestProject", "TestProject\TestProject.csproj", "{6D458459-CEB6-4BDA-9168-810801B325DE}"
EndProject
Global
	GlobalSection(SolutionConfigurationPlatforms) = preSolution
		Debug|Any CPU = Debug|Any CPU
		Release|Any CPU = Release|Any CPU
	EndGlobalSection
	GlobalSection(ProjectConfigurationPlatforms) = postSolution
		{6D458459-CEB6-4BDA-9168-810801B325DE}.Debug|Any CPU.ActiveCfg = Debug|Any CPU
		{6D458459-CEB6-4BDA-9168-810801B325DE}.Debug|Any CPU.Build.0 = Debug|Any CPU
		{6D458459-CEB6-4BDA-9168-810801B325DE}.Release|Any CPU.ActiveCfg = Release|Any CPU
		{6D458459-CEB6-4BDA-9168-810801B325DE}.Release|Any CPU.Build.0 = Release|Any CPU
	EndGlobalSection
	GlobalSection(SolutionProperties) = preSolution
		HideSolutionNode = FALSE
	EndGlobalSection
	GlobalSection(ExtensibilityGlobals) = postSolution
		SolutionGuid = {A082BF05-DFEB-470F-B151-A46ECC1D5741}
	EndGlobalSection
EndGlobal
